
Microsoft Visual Studio Solution File, Format Version 12.00
# Visual Studio Version 16
VisualStudioVersion = 16.0.31605.320
MinimumVisualStudioVersion = 10.0.40219.1
Project("{9A19103F-16F7-4668-BE54-9A1E7A4F7556}") = "Main", "Main.csproj", "{E631DD4E-3A0C-44FF-8DFB-F696362907F7}"
EndProject
Project("{9A19103F-16F7-4668-BE54-9A1E7A4F7556}") = "MyOwnSolution", "..\MyOwnSolution\MyOwnSolution.csproj", "{F7F98844-3319-4C04-93EB-6977E19749C7}"
EndProject
Project("{9A19103F-16F7-4668-BE54-9A1E7A4F7556}") = "Quick-Find", "..\Quick-Find\Quick-Find.csproj", "{53FA5553-553A-4DC3-929C-BE2131128712}"
EndProject
Project("{FAE04EC0-301F-11D3-BF4B-00C04F79EFBC}") = "Quick-Union", "..\QuickUnion\Quick-Union.csproj", "{87C51931-310F-4646-AEC9-6EFA230595C0}"
EndProject
Global
	GlobalSection(SolutionConfigurationPlatforms) = preSolution
		Debug|Any CPU = Debug|Any CPU
		Release|Any CPU = Release|Any CPU
	EndGlobalSection
	GlobalSection(ProjectConfigurationPlatforms) = postSolution
		{E631DD4E-3A0C-44FF-8DFB-F696362907F7}.Debug|Any CPU.ActiveCfg = Debug|Any CPU
		{E631DD4E-3A0C-44FF-8DFB-F696362907F7}.Debug|Any CPU.Build.0 = Debug|Any CPU
		{E631DD4E-3A0C-44FF-8DFB-F696362907F7}.Release|Any CPU.ActiveCfg = Release|Any CPU
		{E631DD4E-3A0C-44FF-8DFB-F696362907F7}.Release|Any CPU.Build.0 = Release|Any CPU
		{F7F98844-3319-4C04-93EB-6977E19749C7}.Debug|Any CPU.ActiveCfg = Debug|Any CPU
		{F7F98844-3319-4C04-93EB-6977E19749C7}.Debug|Any CPU.Build.0 = Debug|Any CPU
		{F7F98844-3319-4C04-93EB-6977E19749C7}.Release|Any CPU.ActiveCfg = Release|Any CPU
		{F7F98844-3319-4C04-93EB-6977E19749C7}.Release|Any CPU.Build.0 = Release|Any CPU
		{53FA5553-553A-4DC3-929C-BE2131128712}.Debug|Any CPU.ActiveCfg = Debug|Any CPU
		{53FA5553-553A-4DC3-929C-BE2131128712}.Debug|Any CPU.Build.0 = Debug|Any CPU
		{53FA5553-553A-4DC3-929C-BE2131128712}.Release|Any CPU.ActiveCfg = Release|Any CPU
		{53FA5553-553A-4DC3-929C-BE2131128712}.Release|Any CPU.Build.0 = Release|Any CPU
		{87C51931-310F-4646-AEC9-6EFA230595C0}.Debug|Any CPU.ActiveCfg = Debug|Any CPU
		{87C51931-310F-4646-AEC9-6EFA230595C0}.Debug|Any CPU.Build.0 = Debug|Any CPU
		{87C51931-310F-4646-AEC9-6EFA230595C0}.Release|Any CPU.ActiveCfg = Release|Any CPU
		{87C51931-310F-4646-AEC9-6EFA230595C0}.Release|Any CPU.Build.0 = Release|Any CPU
	EndGlobalSection
	GlobalSection(SolutionProperties) = preSolution
		HideSolutionNode = FALSE
	EndGlobalSection
	GlobalSection(ExtensibilityGlobals) = postSolution
		SolutionGuid = {8C701FFE-D605-41A7-8CF8-C98F6B99573E}
	EndGlobalSection
EndGlobal
