
Microsoft Visual Studio Solution File, Format Version 12.00
# Visual Studio Version 16
VisualStudioVersion = 16.0.31605.320
MinimumVisualStudioVersion = 10.0.40219.1
Project("{FAE04EC0-301F-11D3-BF4B-00C04F79EFBC}") = "Stack", "Stack.csproj", "{F64EB450-B51F-4268-A7F9-D719E875EB2A}"
EndProject
Global
	GlobalSection(SolutionConfigurationPlatforms) = preSolution
		Debug|Any CPU = Debug|Any CPU
		Release|Any CPU = Release|Any CPU
	EndGlobalSection
	GlobalSection(ProjectConfigurationPlatforms) = postSolution
		{F64EB450-B51F-4268-A7F9-D719E875EB2A}.Debug|Any CPU.ActiveCfg = Debug|Any CPU
		{F64EB450-B51F-4268-A7F9-D719E875EB2A}.Debug|Any CPU.Build.0 = Debug|Any CPU
		{F64EB450-B51F-4268-A7F9-D719E875EB2A}.Release|Any CPU.ActiveCfg = Release|Any CPU
		{F64EB450-B51F-4268-A7F9-D719E875EB2A}.Release|Any CPU.Build.0 = Release|Any CPU
	EndGlobalSection
	GlobalSection(SolutionProperties) = preSolution
		HideSolutionNode = FALSE
	EndGlobalSection
	GlobalSection(ExtensibilityGlobals) = postSolution
		SolutionGuid = {3155F16F-F10D-4E69-958E-9F376CC84F51}
	EndGlobalSection
EndGlobal
