
Microsoft Visual Studio Solution File, Format Version 12.00
# Visual Studio Version 17
VisualStudioVersion = 17.0.31903.59
MinimumVisualStudioVersion = 10.0.40219.1
Project("{FAE04EC0-301F-11D3-BF4B-00C04F79EFBC}") = "Dijkstra's Two-Stack Algorithm", "Dijkstra's Two-Stack Algorithm.csproj", "{07B3D79F-C406-489D-8DC5-BAB98DC1602D}"
EndProject
Global
	GlobalSection(SolutionConfigurationPlatforms) = preSolution
		Debug|Any CPU = Debug|Any CPU
		Release|Any CPU = Release|Any CPU
	EndGlobalSection
	GlobalSection(ProjectConfigurationPlatforms) = postSolution
		{07B3D79F-C406-489D-8DC5-BAB98DC1602D}.Debug|Any CPU.ActiveCfg = Debug|Any CPU
		{07B3D79F-C406-489D-8DC5-BAB98DC1602D}.Debug|Any CPU.Build.0 = Debug|Any CPU
		{07B3D79F-C406-489D-8DC5-BAB98DC1602D}.Release|Any CPU.ActiveCfg = Release|Any CPU
		{07B3D79F-C406-489D-8DC5-BAB98DC1602D}.Release|Any CPU.Build.0 = Release|Any CPU
	EndGlobalSection
	GlobalSection(SolutionProperties) = preSolution
		HideSolutionNode = FALSE
	EndGlobalSection
	GlobalSection(ExtensibilityGlobals) = postSolution
		SolutionGuid = {B55BD35B-84FE-43A4-BB37-EB810353246F}
	EndGlobalSection
EndGlobal
